
Microsoft Visual Studio Solution File, Format Version 12.00
# Visual Studio Version 16
VisualStudioVersion = 25.0.1706.11
MinimumVisualStudioVersion = 10.0.40219.1
Project("{FAE04EC0-301F-11D3-BF4B-00C04F79EFBC}") = "Investment.API", "Investment.API\Investment.API.csproj", "{F16E3A26-9B5C-4A18-A314-0FFF36F90145}"
EndProject
Project("{FAE04EC0-301F-11D3-BF4B-00C04F79EFBC}") = "Investment.Domain", "Investment.Domain\Investment.Domain.csproj", "{7433FF48-91B6-476C-99E9-104E8F593AFA}"
EndProject
Project("{FAE04EC0-301F-11D3-BF4B-00C04F79EFBC}") = "Investment.Application", "Investment.Application\Investment.Application.csproj", "{7E374F9A-152E-4165-8495-F7B52A694F24}"
EndProject
Project("{FAE04EC0-301F-11D3-BF4B-00C04F79EFBC}") = "Investment.Infrastructure", "Investment.Infrastructure\Investment.Infrastructure.csproj", "{730C320D-5BFA-413E-A28F-C7E3A09814FD}"
EndProject
Project("{FAE04EC0-301F-11D3-BF4B-00C04F79EFBC}") = "Investment.Tests", "Investment.Tests\Investment.Tests.csproj", "{BC11C702-EFB7-4212-BE47-1E83AA308771}"
EndProject
Global
	GlobalSection(SolutionConfigurationPlatforms) = preSolution
		Debug|Any CPU = Debug|Any CPU
		Release|Any CPU = Release|Any CPU
	EndGlobalSection
	GlobalSection(ProjectConfigurationPlatforms) = postSolution
		{F16E3A26-9B5C-4A18-A314-0FFF36F90145}.Debug|Any CPU.ActiveCfg = Debug|Any CPU
		{F16E3A26-9B5C-4A18-A314-0FFF36F90145}.Debug|Any CPU.Build.0 = Debug|Any CPU
		{F16E3A26-9B5C-4A18-A314-0FFF36F90145}.Release|Any CPU.ActiveCfg = Release|Any CPU
		{F16E3A26-9B5C-4A18-A314-0FFF36F90145}.Release|Any CPU.Build.0 = Release|Any CPU
		{7433FF48-91B6-476C-99E9-104E8F593AFA}.Debug|Any CPU.ActiveCfg = Debug|Any CPU
		{7433FF48-91B6-476C-99E9-104E8F593AFA}.Debug|Any CPU.Build.0 = Debug|Any CPU
		{7433FF48-91B6-476C-99E9-104E8F593AFA}.Release|Any CPU.ActiveCfg = Release|Any CPU
		{7433FF48-91B6-476C-99E9-104E8F593AFA}.Release|Any CPU.Build.0 = Release|Any CPU
		{7E374F9A-152E-4165-8495-F7B52A694F24}.Debug|Any CPU.ActiveCfg = Debug|Any CPU
		{7E374F9A-152E-4165-8495-F7B52A694F24}.Debug|Any CPU.Build.0 = Debug|Any CPU
		{7E374F9A-152E-4165-8495-F7B52A694F24}.Release|Any CPU.ActiveCfg = Release|Any CPU
		{7E374F9A-152E-4165-8495-F7B52A694F24}.Release|Any CPU.Build.0 = Release|Any CPU
		{730C320D-5BFA-413E-A28F-C7E3A09814FD}.Debug|Any CPU.ActiveCfg = Debug|Any CPU
		{730C320D-5BFA-413E-A28F-C7E3A09814FD}.Debug|Any CPU.Build.0 = Debug|Any CPU
		{730C320D-5BFA-413E-A28F-C7E3A09814FD}.Release|Any CPU.ActiveCfg = Release|Any CPU
		{730C320D-5BFA-413E-A28F-C7E3A09814FD}.Release|Any CPU.Build.0 = Release|Any CPU
		{BC11C702-EFB7-4212-BE47-1E83AA308771}.Debug|Any CPU.ActiveCfg = Debug|Any CPU
		{BC11C702-EFB7-4212-BE47-1E83AA308771}.Debug|Any CPU.Build.0 = Debug|Any CPU
		{BC11C702-EFB7-4212-BE47-1E83AA308771}.Release|Any CPU.ActiveCfg = Release|Any CPU
		{BC11C702-EFB7-4212-BE47-1E83AA308771}.Release|Any CPU.Build.0 = Release|Any CPU
	EndGlobalSection
	GlobalSection(SolutionProperties) = preSolution
		HideSolutionNode = FALSE
	EndGlobalSection
	GlobalSection(ExtensibilityGlobals) = postSolution
		SolutionGuid = {D494349F-D87E-47E0-A5D7-5582F6D033DA}
	EndGlobalSection
EndGlobal
